
Microsoft Visual Studio Solution File, Format Version 12.00
# Visual Studio 15
VisualStudioVersion = 15.0.28010.2003
MinimumVisualStudioVersion = 10.0.40219.1
Project("{FAE04EC0-301F-11D3-BF4B-00C04F79EFBC}") = "SuperSorter", "SuperSorter\SuperSorter.csproj", "{A1C079A6-FFCB-4DFA-A9EF-DE7E5CAA4CD4}"
EndProject
Global
	GlobalSection(SolutionConfigurationPlatforms) = preSolution
		Debug|Any CPU = Debug|Any CPU
		Release|Any CPU = Release|Any CPU
	EndGlobalSection
	GlobalSection(ProjectConfigurationPlatforms) = postSolution
		{A1C079A6-FFCB-4DFA-A9EF-DE7E5CAA4CD4}.Debug|Any CPU.ActiveCfg = Debug|Any CPU
		{A1C079A6-FFCB-4DFA-A9EF-DE7E5CAA4CD4}.Debug|Any CPU.Build.0 = Debug|Any CPU
		{A1C079A6-FFCB-4DFA-A9EF-DE7E5CAA4CD4}.Release|Any CPU.ActiveCfg = Release|Any CPU
		{A1C079A6-FFCB-4DFA-A9EF-DE7E5CAA4CD4}.Release|Any CPU.Build.0 = Release|Any CPU
	EndGlobalSection
	GlobalSection(SolutionProperties) = preSolution
		HideSolutionNode = FALSE
	EndGlobalSection
	GlobalSection(ExtensibilityGlobals) = postSolution
		SolutionGuid = {18D2446D-2E29-446B-BF0B-556D5D4B7492}
	EndGlobalSection
EndGlobal
